// !$*UTF8*$!
{
	archiveVersion = 1;
	classes = {
	};
	objectVersion = 56;
	objects = {

/* Begin PBXBuildFile section */
		B4AB8BB42A9882D6002F2EC8 /* FourChannelApp.swift in Sources */ = {isa = PBXBuildFile; fileRef = B4AB8BB32A9882D6002F2EC8 /* FourChannelApp.swift */; };
		B4AB8BB62A9882D6002F2EC8 /* ContentView.swift in Sources */ = {isa = PBXBuildFile; fileRef = B4AB8BB52A9882D6002F2EC8 /* ContentView.swift */; };
		B4AB8BB82A9882D8002F2EC8 /* Assets.xcassets in Resources */ = {isa = PBXBuildFile; fileRef = B4AB8BB72A9882D8002F2EC8 /* Assets.xcassets */; };
		B4AB8BBB2A9882D8002F2EC8 /* Preview Assets.xcassets in Resources */ = {isa = PBXBuildFile; fileRef = B4AB8BBA2A9882D8002F2EC8 /* Preview Assets.xcassets */; };
		B4AB8BC52A9882D8002F2EC8 /* FourChannelTests.swift in Sources */ = {isa = PBXBuildFile; fileRef = B4AB8BC42A9882D8002F2EC8 /* FourChannelTests.swift */; };
		B4AB8BCF2A9882D8002F2EC8 /* FourChannelUITests.swift in Sources */ = {isa = PBXBuildFile; fileRef = B4AB8BCE2A9882D8002F2EC8 /* FourChannelUITests.swift */; };
		B4AB8BD12A9882D8002F2EC8 /* FourChannelUITestsLaunchTests.swift in Sources */ = {isa = PBXBuildFile; fileRef = B4AB8BD02A9882D8002F2EC8 /* FourChannelUITestsLaunchTests.swift */; };
/* End PBXBuildFile section */

/* Begin PBXContainerItemProxy section */
		B4AB8BC12A9882D8002F2EC8 /* PBXContainerItemProxy */ = {
			isa = PBXContainerItemProxy;
			containerPortal = B4AB8BA82A9882D6002F2EC8 /* Project object */;
			proxyType = 1;
			remoteGlobalIDString = B4AB8BAF2A9882D6002F2EC8;
			remoteInfo = FourChannel;
		};
		B4AB8BCB2A9882D8002F2EC8 /* PBXContainerItemProxy */ = {
			isa = PBXContainerItemProxy;
			containerPortal = B4AB8BA82A9882D6002F2EC8 /* Project object */;
			proxyType = 1;
			remoteGlobalIDString = B4AB8BAF2A9882D6002F2EC8;
			remoteInfo = FourChannel;
		};
/* End PBXContainerItemProxy section */

/* Begin PBXFileReference section */
		B4AB8BB02A9882D6002F2EC8 /* FourChannel.app */ = {isa = PBXFileReference; explicitFileType = wrapper.application; includeInIndex = 0; path = FourChannel.app; sourceTree = BUILT_PRODUCTS_DIR; };
		B4AB8BB32A9882D6002F2EC8 /* FourChannelApp.swift */ = {isa = PBXFileReference; lastKnownFileType = sourcecode.swift; path = FourChannelApp.swift; sourceTree = "<group>"; };
		B4AB8BB52A9882D6002F2EC8 /* ContentView.swift */ = {isa = PBXFileReference; lastKnownFileType = sourcecode.swift; path = ContentView.swift; sourceTree = "<group>"; };
		B4AB8BB72A9882D8002F2EC8 /* Assets.xcassets */ = {isa = PBXFileReference; lastKnownFileType = folder.assetcatalog; path = Assets.xcassets; sourceTree = "<group>"; };
		B4AB8BBA2A9882D8002F2EC8 /* Preview Assets.xcassets */ = {isa = PBXFileReference; lastKnownFileType = folder.assetcatalog; path = "Preview Assets.xcassets"; sourceTree = "<group>"; };
		B4AB8BC02A9882D8002F2EC8 /* FourChannelTests.xctest */ = {isa = PBXFileReference; explicitFileType = wrapper.cfbundle; includeInIndex = 0; path = FourChannelTests.xctest; sourceTree = BUILT_PRODUCTS_DIR; };
		B4AB8BC42A9882D8002F2EC8 /* FourChannelTests.swift */ = {isa = PBXFileReference; lastKnownFileType = sourcecode.swift; path = FourChannelTests.swift; sourceTree = "<group>"; };
		B4AB8BCA2A9882D8002F2EC8 /* FourChannelUITests.xctest */ = {isa = PBXFileReference; explicitFileType = wrapper.cfbundle; includeInIndex = 0; path = FourChannelUITests.xctest; sourceTree = BUILT_PRODUCTS_DIR; };
		B4AB8BCE2A9882D8002F2EC8 /* FourChannelUITests.swift */ = {isa = PBXFileReference; lastKnownFileType = sourcecode.swift; path = FourChannelUITests.swift; sourceTree = "<group>"; };
		B4AB8BD02A9882D8002F2EC8 /* FourChannelUITestsLaunchTests.swift */ = {isa = PBXFileReference; lastKnownFileType = sourcecode.swift; path = FourChannelUITestsLaunchTests.swift; sourceTree = "<group>"; };
/* End PBXFileReference section */

/* Begin PBXFrameworksBuildPhase section */
		B4AB8BAD2A9882D6002F2EC8 /* Frameworks */ = {
			isa = PBXFrameworksBuildPhase;
			buildActionMask = 2147483647;
			files = (
			);
			runOnlyForDeploymentPostprocessing = 0;
		};
		B4AB8BBD2A9882D8002F2EC8 /* Frameworks */ = {
			isa = PBXFrameworksBuildPhase;
			buildActionMask = 2147483647;
			files = (
			);
			runOnlyForDeploymentPostprocessing = 0;
		};
		B4AB8BC72A9882D8002F2EC8 /* Frameworks */ = {
			isa = PBXFrameworksBuildPhase;
			buildActionMask = 2147483647;
			files = (
			);
			runOnlyForDeploymentPostprocessing = 0;
		};
/* End PBXFrameworksBuildPhase section */

/* Begin PBXGroup section */
		B4AB8BA72A9882D6002F2EC8 = {
			isa = PBXGroup;
			children = (
				B4AB8BB22A9882D6002F2EC8 /* FourChannel */,
				B4AB8BC32A9882D8002F2EC8 /* FourChannelTests */,
				B4AB8BCD2A9882D8002F2EC8 /* FourChannelUITests */,
				B4AB8BB12A9882D6002F2EC8 /* Products */,
			);
			sourceTree = "<group>";
		};
		B4AB8BB12A9882D6002F2EC8 /* Products */ = {
			isa = PBXGroup;
			children = (
				B4AB8BB02A9882D6002F2EC8 /* FourChannel.app */,
				B4AB8BC02A9882D8002F2EC8 /* FourChannelTests.xctest */,
				B4AB8BCA2A9882D8002F2EC8 /* FourChannelUITests.xctest */,
			);
			name = Products;
			sourceTree = "<group>";
		};
		B4AB8BB22A9882D6002F2EC8 /* FourChannel */ = {
			isa = PBXGroup;
			children = (
				B4AB8BB32A9882D6002F2EC8 /* FourChannelApp.swift */,
				B4AB8BB52A9882D6002F2EC8 /* ContentView.swift */,
				B4AB8BB72A9882D8002F2EC8 /* Assets.xcassets */,
				B4AB8BB92A9882D8002F2EC8 /* Preview Content */,
			);
			path = FourChannel;
			sourceTree = "<group>";
		};
		B4AB8BB92A9882D8002F2EC8 /* Preview Content */ = {
			isa = PBXGroup;
			children = (
				B4AB8BBA2A9882D8002F2EC8 /* Preview Assets.xcassets */,
			);
			path = "Preview Content";
			sourceTree = "<group>";
		};
		B4AB8BC32A9882D8002F2EC8 /* FourChannelTests */ = {
			isa = PBXGroup;
			children = (
				B4AB8BC42A9882D8002F2EC8 /* FourChannelTests.swift */,
			);
			path = FourChannelTests;
			sourceTree = "<group>";
		};
		B4AB8BCD2A9882D8002F2EC8 /* FourChannelUITests */ = {
			isa = PBXGroup;
			children = (
				B4AB8BCE2A9882D8002F2EC8 /* FourChannelUITests.swift */,
				B4AB8BD02A9882D8002F2EC8 /* FourChannelUITestsLaunchTests.swift */,
			);
			path = FourChannelUITests;
			sourceTree = "<group>";
		};
/* End PBXGroup section */

/* Begin PBXNativeTarget section */
		B4AB8BAF2A9882D6002F2EC8 /* FourChannel */ = {
			isa = PBXNativeTarget;
			buildConfigurationList = B4AB8BD42A9882D8002F2EC8 /* Build configuration list for PBXNativeTarget "FourChannel" */;
			buildPhases = (
				B4AB8BAC2A9882D6002F2EC8 /* Sources */,
				B4AB8BAD2A9882D6002F2EC8 /* Frameworks */,
				B4AB8BAE2A9882D6002F2EC8 /* Resources */,
			);
			buildRules = (
			);
			dependencies = (
			);
			name = FourChannel;
			productName = FourChannel;
			productReference = B4AB8BB02A9882D6002F2EC8 /* FourChannel.app */;
			productType = "com.apple.product-type.application";
		};
		B4AB8BBF2A9882D8002F2EC8 /* FourChannelTests */ = {
			isa = PBXNativeTarget;
			buildConfigurationList = B4AB8BD72A9882D8002F2EC8 /* Build configuration list for PBXNativeTarget "FourChannelTests" */;
			buildPhases = (
				B4AB8BBC2A9882D8002F2EC8 /* Sources */,
				B4AB8BBD2A9882D8002F2EC8 /* Frameworks */,
				B4AB8BBE2A9882D8002F2EC8 /* Resources */,
			);
			buildRules = (
			);
			dependencies = (
				B4AB8BC22A9882D8002F2EC8 /* PBXTargetDependency */,
			);
			name = FourChannelTests;
			productName = FourChannelTests;
			productReference = B4AB8BC02A9882D8002F2EC8 /* FourChannelTests.xctest */;
			productType = "com.apple.product-type.bundle.unit-test";
		};
		B4AB8BC92A9882D8002F2EC8 /* FourChannelUITests */ = {
			isa = PBXNativeTarget;
			buildConfigurationList = B4AB8BDA2A9882D8002F2EC8 /* Build configuration list for PBXNativeTarget "FourChannelUITests" */;
			buildPhases = (
				B4AB8BC62A9882D8002F2EC8 /* Sources */,
				B4AB8BC72A9882D8002F2EC8 /* Frameworks */,
				B4AB8BC82A9882D8002F2EC8 /* Resources */,
			);
			buildRules = (
			);
			dependencies = (
				B4AB8BCC2A9882D8002F2EC8 /* PBXTargetDependency */,
			);
			name = FourChannelUITests;
			productName = FourChannelUITests;
			productReference = B4AB8BCA2A9882D8002F2EC8 /* FourChannelUITests.xctest */;
			productType = "com.apple.product-type.bundle.ui-testing";
		};
/* End PBXNativeTarget section */

/* Begin PBXProject section */
		B4AB8BA82A9882D6002F2EC8 /* Project object */ = {
			isa = PBXProject;
			attributes = {
				BuildIndependentTargetsInParallel = 1;
				LastSwiftUpdateCheck = 1430;
				LastUpgradeCheck = 1430;
				TargetAttributes = {
					B4AB8BAF2A9882D6002F2EC8 = {
						CreatedOnToolsVersion = 14.3.1;
					};
					B4AB8BBF2A9882D8002F2EC8 = {
						CreatedOnToolsVersion = 14.3.1;
						TestTargetID = B4AB8BAF2A9882D6002F2EC8;
					};
					B4AB8BC92A9882D8002F2EC8 = {
						CreatedOnToolsVersion = 14.3.1;
						TestTargetID = B4AB8BAF2A9882D6002F2EC8;
					};
				};
			};
			buildConfigurationList = B4AB8BAB2A9882D6002F2EC8 /* Build configuration list for PBXProject "FourChannel" */;
			compatibilityVersion = "Xcode 14.0";
			developmentRegion = en;
			hasScannedForEncodings = 0;
			knownRegions = (
				en,
				Base,
			);
			mainGroup = B4AB8BA72A9882D6002F2EC8;
			productRefGroup = B4AB8BB12A9882D6002F2EC8 /* Products */;
			projectDirPath = "";
			projectRoot = "";
			targets = (
				B4AB8BAF2A9882D6002F2EC8 /* FourChannel */,
				B4AB8BBF2A9882D8002F2EC8 /* FourChannelTests */,
				B4AB8BC92A9882D8002F2EC8 /* FourChannelUITests */,
			);
		};
/* End PBXProject section */

/* Begin PBXResourcesBuildPhase section */
		B4AB8BAE2A9882D6002F2EC8 /* Resources */ = {
			isa = PBXResourcesBuildPhase;
			buildActionMask = 2147483647;
			files = (
				B4AB8BBB2A9882D8002F2EC8 /* Preview Assets.xcassets in Resources */,
				B4AB8BB82A9882D8002F2EC8 /* Assets.xcassets in Resources */,
			);
			runOnlyForDeploymentPostprocessing = 0;
		};
		B4AB8BBE2A9882D8002F2EC8 /* Resources */ = {
			isa = PBXResourcesBuildPhase;
			buildActionMask = 2147483647;
			files = (
			);
			runOnlyForDeploymentPostprocessing = 0;
		};
		B4AB8BC82A9882D8002F2EC8 /* Resources */ = {
			isa = PBXResourcesBuildPhase;
			buildActionMask = 2147483647;
			files = (
			);
			runOnlyForDeploymentPostprocessing = 0;
		};
/* End PBXResourcesBuildPhase section */

/* Begin PBXSourcesBuildPhase section */
		B4AB8BAC2A9882D6002F2EC8 /* Sources */ = {
			isa = PBXSourcesBuildPhase;
			buildActionMask = 2147483647;
			files = (
				B4AB8BB62A9882D6002F2EC8 /* ContentView.swift in Sources */,
				B4AB8BB42A9882D6002F2EC8 /* FourChannelApp.swift in Sources */,
			);
			runOnlyForDeploymentPostprocessing = 0;
		};
		B4AB8BBC2A9882D8002F2EC8 /* Sources */ = {
			isa = PBXSourcesBuildPhase;
			buildActionMask = 2147483647;
			files = (
				B4AB8BC52A9882D8002F2EC8 /* FourChannelTests.swift in Sources */,
			);
			runOnlyForDeploymentPostprocessing = 0;
		};
		B4AB8BC62A9882D8002F2EC8 /* Sources */ = {
			isa = PBXSourcesBuildPhase;
			buildActionMask = 2147483647;
			files = (
				B4AB8BD12A9882D8002F2EC8 /* FourChannelUITestsLaunchTests.swift in Sources */,
				B4AB8BCF2A9882D8002F2EC8 /* FourChannelUITests.swift in Sources */,
			);
			runOnlyForDeploymentPostprocessing = 0;
		};
/* End PBXSourcesBuildPhase section */

/* Begin PBXTargetDependency section */
		B4AB8BC22A9882D8002F2EC8 /* PBXTargetDependency */ = {
			isa = PBXTargetDependency;
			target = B4AB8BAF2A9882D6002F2EC8 /* FourChannel */;
			targetProxy = B4AB8BC12A9882D8002F2EC8 /* PBXContainerItemProxy */;
		};
		B4AB8BCC2A9882D8002F2EC8 /* PBXTargetDependency */ = {
			isa = PBXTargetDependency;
			target = B4AB8BAF2A9882D6002F2EC8 /* FourChannel */;
			targetProxy = B4AB8BCB2A9882D8002F2EC8 /* PBXContainerItemProxy */;
		};
/* End PBXTargetDependency section */

/* Begin XCBuildConfiguration section */
		B4AB8BD22A9882D8002F2EC8 /* Debug */ = {
			isa = XCBuildConfiguration;
			buildSettings = {
				ALWAYS_SEARCH_USER_PATHS = NO;
				CLANG_ANALYZER_NONNULL = YES;
				CLANG_ANALYZER_NUMBER_OBJECT_CONVERSION = YES_AGGRESSIVE;
				CLANG_CXX_LANGUAGE_STANDARD = "gnu++20";
				CLANG_ENABLE_MODULES = YES;
				CLANG_ENABLE_OBJC_ARC = YES;
				CLANG_ENABLE_OBJC_WEAK = YES;
				CLANG_WARN_BLOCK_CAPTURE_AUTORELEASING = YES;
				CLANG_WARN_BOOL_CONVERSION = YES;
				CLANG_WARN_COMMA = YES;
				CLANG_WARN_CONSTANT_CONVERSION = YES;
				CLANG_WARN_DEPRECATED_OBJC_IMPLEMENTATIONS = YES;
				CLANG_WARN_DIRECT_OBJC_ISA_USAGE = YES_ERROR;
				CLANG_WARN_DOCUMENTATION_COMMENTS = YES;
				CLANG_WARN_EMPTY_BODY = YES;
				CLANG_WARN_ENUM_CONVERSION = YES;
				CLANG_WARN_INFINITE_RECURSION = YES;
				CLANG_WARN_INT_CONVERSION = YES;
				CLANG_WARN_NON_LITERAL_NULL_CONVERSION = YES;
				CLANG_WARN_OBJC_IMPLICIT_RETAIN_SELF = YES;
				CLANG_WARN_OBJC_LITERAL_CONVERSION = YES;
				CLANG_WARN_OBJC_ROOT_CLASS = YES_ERROR;
				CLANG_WARN_QUOTED_INCLUDE_IN_FRAMEWORK_HEADER = YES;
				CLANG_WARN_RANGE_LOOP_ANALYSIS = YES;
				CLANG_WARN_STRICT_PROTOTYPES = YES;
				CLANG_WARN_SUSPICIOUS_MOVE = YES;
				CLANG_WARN_UNGUARDED_AVAILABILITY = YES_AGGRESSIVE;
				CLANG_WARN_UNREACHABLE_CODE = YES;
				CLANG_WARN__DUPLICATE_METHOD_MATCH = YES;
				COPY_PHASE_STRIP = NO;
				DEBUG_INFORMATION_FORMAT = dwarf;
				ENABLE_STRICT_OBJC_MSGSEND = YES;
				ENABLE_TESTABILITY = YES;
				GCC_C_LANGUAGE_STANDARD = gnu11;
				GCC_DYNAMIC_NO_PIC = NO;
				GCC_NO_COMMON_BLOCKS = YES;
				GCC_OPTIMIZATION_LEVEL = 0;
				GCC_PREPROCESSOR_DEFINITIONS = (
					"DEBUG=1",
					"$(inherited)",
				);
				GCC_WARN_64_TO_32_BIT_CONVERSION = YES;
				GCC_WARN_ABOUT_RETURN_TYPE = YES_ERROR;
				GCC_WARN_UNDECLARED_SELECTOR = YES;
				GCC_WARN_UNINITIALIZED_AUTOS = YES_AGGRESSIVE;
				GCC_WARN_UNUSED_FUNCTION = YES;
				GCC_WARN_UNUSED_VARIABLE = YES;
				IPHONEOS_DEPLOYMENT_TARGET = 16.4;
				MTL_ENABLE_DEBUG_INFO = INCLUDE_SOURCE;
				MTL_FAST_MATH = YES;
				ONLY_ACTIVE_ARCH = YES;
				SDKROOT = iphoneos;
				SWIFT_ACTIVE_COMPILATION_CONDITIONS = DEBUG;
				SWIFT_OPTIMIZATION_LEVEL = "-Onone";
			};
			name = Debug;
		};
		B4AB8BD32A9882D8002F2EC8 /* Release */ = {
			isa = XCBuildConfiguration;
			buildSettings = {
				ALWAYS_SEARCH_USER_PATHS = NO;
				CLANG_ANALYZER_NONNULL = YES;
				CLANG_ANALYZER_NUMBER_OBJECT_CONVERSION = YES_AGGRESSIVE;
				CLANG_CXX_LANGUAGE_STANDARD = "gnu++20";
				CLANG_ENABLE_MODULES = YES;
				CLANG_ENABLE_OBJC_ARC = YES;
				CLANG_ENABLE_OBJC_WEAK = YES;
				CLANG_WARN_BLOCK_CAPTURE_AUTORELEASING = YES;
				CLANG_WARN_BOOL_CONVERSION = YES;
				CLANG_WARN_COMMA = YES;
				CLANG_WARN_CONSTANT_CONVERSION = YES;
				CLANG_WARN_DEPRECATED_OBJC_IMPLEMENTATIONS = YES;
				CLANG_WARN_DIRECT_OBJC_ISA_USAGE = YES_ERROR;
				CLANG_WARN_DOCUMENTATION_COMMENTS = YES;
				CLANG_WARN_EMPTY_BODY = YES;
				CLANG_WARN_ENUM_CONVERSION = YES;
				CLANG_WARN_INFINITE_RECURSION = YES;
				CLANG_WARN_INT_CONVERSION = YES;
				CLANG_WARN_NON_LITERAL_NULL_CONVERSION = YES;
				CLANG_WARN_OBJC_IMPLICIT_RETAIN_SELF = YES;
				CLANG_WARN_OBJC_LITERAL_CONVERSION = YES;
				CLANG_WARN_OBJC_ROOT_CLASS = YES_ERROR;
				CLANG_WARN_QUOTED_INCLUDE_IN_FRAMEWORK_HEADER = YES;
				CLANG_WARN_RANGE_LOOP_ANALYSIS = YES;
				CLANG_WARN_STRICT_PROTOTYPES = YES;
				CLANG_WARN_SUSPICIOUS_MOVE = YES;
				CLANG_WARN_UNGUARDED_AVAILABILITY = YES_AGGRESSIVE;
				CLANG_WARN_UNREACHABLE_CODE = YES;
				CLANG_WARN__DUPLICATE_METHOD_MATCH = YES;
				COPY_PHASE_STRIP = NO;
				DEBUG_INFORMATION_FORMAT = "dwarf-with-dsym";
				ENABLE_NS_ASSERTIONS = NO;
				ENABLE_STRICT_OBJC_MSGSEND = YES;
				GCC_C_LANGUAGE_STANDARD = gnu11;
				GCC_NO_COMMON_BLOCKS = YES;
				GCC_WARN_64_TO_32_BIT_CONVERSION = YES;
				GCC_WARN_ABOUT_RETURN_TYPE = YES_ERROR;
				GCC_WARN_UNDECLARED_SELECTOR = YES;
				GCC_WARN_UNINITIALIZED_AUTOS = YES_AGGRESSIVE;
				GCC_WARN_UNUSED_FUNCTION = YES;
				GCC_WARN_UNUSED_VARIABLE = YES;
				IPHONEOS_DEPLOYMENT_TARGET = 16.4;
				MTL_ENABLE_DEBUG_INFO = NO;
				MTL_FAST_MATH = YES;
				SDKROOT = iphoneos;
				SWIFT_COMPILATION_MODE = wholemodule;
				SWIFT_OPTIMIZATION_LEVEL = "-O";
				VALIDATE_PRODUCT = YES;
			};
			name = Release;
		};
		B4AB8BD52A9882D8002F2EC8 /* Debug */ = {
			isa = XCBuildConfiguration;
			buildSettings = {
				ASSETCATALOG_COMPILER_APPICON_NAME = AppIcon;
				ASSETCATALOG_COMPILER_GLOBAL_ACCENT_COLOR_NAME = AccentColor;
				CODE_SIGN_STYLE = Automatic;
				CURRENT_PROJECT_VERSION = 1;
				DEVELOPMENT_ASSET_PATHS = "\"FourChannel/Preview Content\"";
				ENABLE_PREVIEWS = YES;
				GENERATE_INFOPLIST_FILE = YES;
				INFOPLIST_KEY_UIApplicationSceneManifest_Generation = YES;
				INFOPLIST_KEY_UIApplicationSupportsIndirectInputEvents = YES;
				INFOPLIST_KEY_UILaunchScreen_Generation = YES;
				INFOPLIST_KEY_UISupportedInterfaceOrientations_iPad = "UIInterfaceOrientationPortrait UIInterfaceOrientationPortraitUpsideDown UIInterfaceOrientationLandscapeLeft UIInterfaceOrientationLandscapeRight";
				INFOPLIST_KEY_UISupportedInterfaceOrientations_iPhone = "UIInterfaceOrientationPortrait UIInterfaceOrientationLandscapeLeft UIInterfaceOrientationLandscapeRight";
				LD_RUNPATH_SEARCH_PATHS = (
					"$(inherited)",
					"@executable_path/Frameworks",
				);
				MARKETING_VERSION = 1.0;
				PRODUCT_BUNDLE_IDENTIFIER = Mornings.FourChannel;
				PRODUCT_NAME = "$(TARGET_NAME)";
				SWIFT_EMIT_LOC_STRINGS = YES;
				SWIFT_VERSION = 5.0;
				TARGETED_DEVICE_FAMILY = "1,2";
			};
			name = Debug;
		};
		B4AB8BD62A9882D8002F2EC8 /* Release */ = {
			isa = XCBuildConfiguration;
			buildSettings = {
				ASSETCATALOG_COMPILER_APPICON_NAME = AppIcon;
				ASSETCATALOG_COMPILER_GLOBAL_ACCENT_COLOR_NAME = AccentColor;
				CODE_SIGN_STYLE = Automatic;
				CURRENT_PROJECT_VERSION = 1;
				DEVELOPMENT_ASSET_PATHS = "\"FourChannel/Preview Content\"";
				ENABLE_PREVIEWS = YES;
				GENERATE_INFOPLIST_FILE = YES;
				INFOPLIST_KEY_UIApplicationSceneManifest_Generation = YES;
				INFOPLIST_KEY_UIApplicationSupportsIndirectInputEvents = YES;
				INFOPLIST_KEY_UILaunchScreen_Generation = YES;
				INFOPLIST_KEY_UISupportedInterfaceOrientations_iPad = "UIInterfaceOrientationPortrait UIInterfaceOrientationPortraitUpsideDown UIInterfaceOrientationLandscapeLeft UIInterfaceOrientationLandscapeRight";
				INFOPLIST_KEY_UISupportedInterfaceOrientations_iPhone = "UIInterfaceOrientationPortrait UIInterfaceOrientationLandscapeLeft UIInterfaceOrientationLandscapeRight";
				LD_RUNPATH_SEARCH_PATHS = (
					"$(inherited)",
					"@executable_path/Frameworks",
				);
				MARKETING_VERSION = 1.0;
				PRODUCT_BUNDLE_IDENTIFIER = Mornings.FourChannel;
				PRODUCT_NAME = "$(TARGET_NAME)";
				SWIFT_EMIT_LOC_STRINGS = YES;
				SWIFT_VERSION = 5.0;
				TARGETED_DEVICE_FAMILY = "1,2";
			};
			name = Release;
		};
		B4AB8BD82A9882D8002F2EC8 /* Debug */ = {
			isa = XCBuildConfiguration;
			buildSettings = {
				ALWAYS_EMBED_SWIFT_STANDARD_LIBRARIES = YES;
				BUNDLE_LOADER = "$(TEST_HOST)";
				CODE_SIGN_STYLE = Automatic;
				CURRENT_PROJECT_VERSION = 1;
				GENERATE_INFOPLIST_FILE = YES;
				IPHONEOS_DEPLOYMENT_TARGET = 16.4;
				MARKETING_VERSION = 1.0;
				PRODUCT_BUNDLE_IDENTIFIER = Mornings.FourChannelTests;
				PRODUCT_NAME = "$(TARGET_NAME)";
				SWIFT_EMIT_LOC_STRINGS = NO;
				SWIFT_VERSION = 5.0;
				TARGETED_DEVICE_FAMILY = "1,2";
				TEST_HOST = "$(BUILT_PRODUCTS_DIR)/FourChannel.app/$(BUNDLE_EXECUTABLE_FOLDER_PATH)/FourChannel";
			};
			name = Debug;
		};
		B4AB8BD92A9882D8002F2EC8 /* Release */ = {
			isa = XCBuildConfiguration;
			buildSettings = {
				ALWAYS_EMBED_SWIFT_STANDARD_LIBRARIES = YES;
				BUNDLE_LOADER = "$(TEST_HOST)";
				CODE_SIGN_STYLE = Automatic;
				CURRENT_PROJECT_VERSION = 1;
				GENERATE_INFOPLIST_FILE = YES;
				IPHONEOS_DEPLOYMENT_TARGET = 16.4;
				MARKETING_VERSION = 1.0;
				PRODUCT_BUNDLE_IDENTIFIER = Mornings.FourChannelTests;
				PRODUCT_NAME = "$(TARGET_NAME)";
				SWIFT_EMIT_LOC_STRINGS = NO;
				SWIFT_VERSION = 5.0;
				TARGETED_DEVICE_FAMILY = "1,2";
				TEST_HOST = "$(BUILT_PRODUCTS_DIR)/FourChannel.app/$(BUNDLE_EXECUTABLE_FOLDER_PATH)/FourChannel";
			};
			name = Release;
		};
		B4AB8BDB2A9882D8002F2EC8 /* Debug */ = {
			isa = XCBuildConfiguration;
			buildSettings = {
				ALWAYS_EMBED_SWIFT_STANDARD_LIBRARIES = YES;
				CODE_SIGN_STYLE = Automatic;
				CURRENT_PROJECT_VERSION = 1;
				GENERATE_INFOPLIST_FILE = YES;
				MARKETING_VERSION = 1.0;
				PRODUCT_BUNDLE_IDENTIFIER = Mornings.FourChannelUITests;
				PRODUCT_NAME = "$(TARGET_NAME)";
				SWIFT_EMIT_LOC_STRINGS = NO;
				SWIFT_VERSION = 5.0;
				TARGETED_DEVICE_FAMILY = "1,2";
				TEST_TARGET_NAME = FourChannel;
			};
			name = Debug;
		};
		B4AB8BDC2A9882D8002F2EC8 /* Release */ = {
			isa = XCBuildConfiguration;
			buildSettings = {
				ALWAYS_EMBED_SWIFT_STANDARD_LIBRARIES = YES;
				CODE_SIGN_STYLE = Automatic;
				CURRENT_PROJECT_VERSION = 1;
				GENERATE_INFOPLIST_FILE = YES;
				MARKETING_VERSION = 1.0;
				PRODUCT_BUNDLE_IDENTIFIER = Mornings.FourChannelUITests;
				PRODUCT_NAME = "$(TARGET_NAME)";
				SWIFT_EMIT_LOC_STRINGS = NO;
				SWIFT_VERSION = 5.0;
				TARGETED_DEVICE_FAMILY = "1,2";
				TEST_TARGET_NAME = FourChannel;
			};
			name = Release;
		};
/* End XCBuildConfiguration section */

/* Begin XCConfigurationList section */
		B4AB8BAB2A9882D6002F2EC8 /* Build configuration list for PBXProject "FourChannel" */ = {
			isa = XCConfigurationList;
			buildConfigurations = (
				B4AB8BD22A9882D8002F2EC8 /* Debug */,
				B4AB8BD32A9882D8002F2EC8 /* Release */,
			);
			defaultConfigurationIsVisible = 0;
			defaultConfigurationName = Release;
		};
		B4AB8BD42A9882D8002F2EC8 /* Build configuration list for PBXNativeTarget "FourChannel" */ = {
			isa = XCConfigurationList;
			buildConfigurations = (
				B4AB8BD52A9882D8002F2EC8 /* Debug */,
				B4AB8BD62A9882D8002F2EC8 /* Release */,
			);
			defaultConfigurationIsVisible = 0;
			defaultConfigurationName = Release;
		};
		B4AB8BD72A9882D8002F2EC8 /* Build configuration list for PBXNativeTarget "FourChannelTests" */ = {
			isa = XCConfigurationList;
			buildConfigurations = (
				B4AB8BD82A9882D8002F2EC8 /* Debug */,
				B4AB8BD92A9882D8002F2EC8 /* Release */,
			);
			defaultConfigurationIsVisible = 0;
			defaultConfigurationName = Release;
		};
		B4AB8BDA2A9882D8002F2EC8 /* Build configuration list for PBXNativeTarget "FourChannelUITests" */ = {
			isa = XCConfigurationList;
			buildConfigurations = (
				B4AB8BDB2A9882D8002F2EC8 /* Debug */,
				B4AB8BDC2A9882D8002F2EC8 /* Release */,
			);
			defaultConfigurationIsVisible = 0;
			defaultConfigurationName = Release;
		};
/* End XCConfigurationList section */
	};
	rootObject = B4AB8BA82A9882D6002F2EC8 /* Project object */;
}
